
Microsoft Visual Studio Solution File, Format Version 12.00
# Visual Studio Version 17
VisualStudioVersion = 17.7.34202.233
MinimumVisualStudioVersion = 10.0.40219.1
Project("{FAE04EC0-301F-11D3-BF4B-00C04F79EFBC}") = "Calculate_Area_Of_Geometrical_Shape", "Calculate_Area_Of_Geometrical_Shape.csproj", "{3B8E116E-0B5D-4557-B387-52E9EF791192}"
EndProject
Global
	GlobalSection(SolutionConfigurationPlatforms) = preSolution
		Debug|Any CPU = Debug|Any CPU
		Release|Any CPU = Release|Any CPU
	EndGlobalSection
	GlobalSection(ProjectConfigurationPlatforms) = postSolution
		{3B8E116E-0B5D-4557-B387-52E9EF791192}.Debug|Any CPU.ActiveCfg = Debug|Any CPU
		{3B8E116E-0B5D-4557-B387-52E9EF791192}.Debug|Any CPU.Build.0 = Debug|Any CPU
		{3B8E116E-0B5D-4557-B387-52E9EF791192}.Release|Any CPU.ActiveCfg = Release|Any CPU
		{3B8E116E-0B5D-4557-B387-52E9EF791192}.Release|Any CPU.Build.0 = Release|Any CPU
	EndGlobalSection
	GlobalSection(SolutionProperties) = preSolution
		HideSolutionNode = FALSE
	EndGlobalSection
	GlobalSection(ExtensibilityGlobals) = postSolution
		SolutionGuid = {32CE1932-D706-4CBE-8061-902A24AF96E4}
	EndGlobalSection
EndGlobal
